
Microsoft Visual Studio Solution File, Format Version 12.00
# Visual Studio Version 17
VisualStudioVersion = 17.13.35931.197 d17.13
MinimumVisualStudioVersion = 10.0.40219.1
Project("{FAE04EC0-301F-11D3-BF4B-00C04F79EFBC}") = "HospitalApp", "HospitalApp\HospitalApp.csproj", "{FD841FC3-EF5A-42AB-AC30-F1F8F3850185}"
EndProject
Global
	GlobalSection(SolutionConfigurationPlatforms) = preSolution
		Debug|Any CPU = Debug|Any CPU
		Release|Any CPU = Release|Any CPU
	EndGlobalSection
	GlobalSection(ProjectConfigurationPlatforms) = postSolution
		{FD841FC3-EF5A-42AB-AC30-F1F8F3850185}.Debug|Any CPU.ActiveCfg = Debug|Any CPU
		{FD841FC3-EF5A-42AB-AC30-F1F8F3850185}.Debug|Any CPU.Build.0 = Debug|Any CPU
		{FD841FC3-EF5A-42AB-AC30-F1F8F3850185}.Release|Any CPU.ActiveCfg = Release|Any CPU
		{FD841FC3-EF5A-42AB-AC30-F1F8F3850185}.Release|Any CPU.Build.0 = Release|Any CPU
	EndGlobalSection
	GlobalSection(SolutionProperties) = preSolution
		HideSolutionNode = FALSE
	EndGlobalSection
	GlobalSection(ExtensibilityGlobals) = postSolution
		SolutionGuid = {B6A448C9-5C4C-4EAE-8AAE-0631D3CECBB6}
	EndGlobalSection
EndGlobal
